
Microsoft Visual Studio Solution File, Format Version 12.00
# Visual Studio Version 17
VisualStudioVersion = 17.11.35312.102
MinimumVisualStudioVersion = 10.0.40219.1
Project("{FAE04EC0-301F-11D3-BF4B-00C04F79EFBC}") = "ConsoleApp17", "ConsoleApp17\ConsoleApp17.csproj", "{BE9B954F-29E9-4C05-9DED-BD3BF720C3DF}"
EndProject
Global
	GlobalSection(SolutionConfigurationPlatforms) = preSolution
		Debug|Any CPU = Debug|Any CPU
		Release|Any CPU = Release|Any CPU
	EndGlobalSection
	GlobalSection(ProjectConfigurationPlatforms) = postSolution
		{BE9B954F-29E9-4C05-9DED-BD3BF720C3DF}.Debug|Any CPU.ActiveCfg = Debug|Any CPU
		{BE9B954F-29E9-4C05-9DED-BD3BF720C3DF}.Debug|Any CPU.Build.0 = Debug|Any CPU
		{BE9B954F-29E9-4C05-9DED-BD3BF720C3DF}.Release|Any CPU.ActiveCfg = Release|Any CPU
		{BE9B954F-29E9-4C05-9DED-BD3BF720C3DF}.Release|Any CPU.Build.0 = Release|Any CPU
	EndGlobalSection
	GlobalSection(SolutionProperties) = preSolution
		HideSolutionNode = FALSE
	EndGlobalSection
	GlobalSection(ExtensibilityGlobals) = postSolution
		SolutionGuid = {7046D366-A49F-45A5-85BF-238EBA61CCF3}
	EndGlobalSection
EndGlobal
