
Microsoft Visual Studio Solution File, Format Version 12.00
# Visual Studio Version 17
VisualStudioVersion = 17.11.35312.102
MinimumVisualStudioVersion = 10.0.40219.1
Project("{FAE04EC0-301F-11D3-BF4B-00C04F79EFBC}") = "ConsoleApp3", "ConsoleApp3\ConsoleApp3.csproj", "{525B1098-D936-4C9C-A4E6-8994F7D7F646}"
EndProject
Global
	GlobalSection(SolutionConfigurationPlatforms) = preSolution
		Debug|Any CPU = Debug|Any CPU
		Release|Any CPU = Release|Any CPU
	EndGlobalSection
	GlobalSection(ProjectConfigurationPlatforms) = postSolution
		{525B1098-D936-4C9C-A4E6-8994F7D7F646}.Debug|Any CPU.ActiveCfg = Debug|Any CPU
		{525B1098-D936-4C9C-A4E6-8994F7D7F646}.Debug|Any CPU.Build.0 = Debug|Any CPU
		{525B1098-D936-4C9C-A4E6-8994F7D7F646}.Release|Any CPU.ActiveCfg = Release|Any CPU
		{525B1098-D936-4C9C-A4E6-8994F7D7F646}.Release|Any CPU.Build.0 = Release|Any CPU
	EndGlobalSection
	GlobalSection(SolutionProperties) = preSolution
		HideSolutionNode = FALSE
	EndGlobalSection
	GlobalSection(ExtensibilityGlobals) = postSolution
		SolutionGuid = {9E9E8B3D-8353-4646-886D-E6D0B59F9C6D}
	EndGlobalSection
EndGlobal
